
Microsoft Visual Studio Solution File, Format Version 12.00
# Visual Studio Version 17
VisualStudioVersion = 17.13.35825.156 d17.13
MinimumVisualStudioVersion = 10.0.40219.1
Project("{FAE04EC0-301F-11D3-BF4B-00C04F79EFBC}") = "ShapeAreaCalculator", "ShapeAreaCalculator\ShapeAreaCalculator.csproj", "{CBDAABC6-BA8A-4398-BC93-FD6CA35A8F04}"
EndProject
Global
	GlobalSection(SolutionConfigurationPlatforms) = preSolution
		Debug|Any CPU = Debug|Any CPU
		Release|Any CPU = Release|Any CPU
	EndGlobalSection
	GlobalSection(ProjectConfigurationPlatforms) = postSolution
		{CBDAABC6-BA8A-4398-BC93-FD6CA35A8F04}.Debug|Any CPU.ActiveCfg = Debug|Any CPU
		{CBDAABC6-BA8A-4398-BC93-FD6CA35A8F04}.Debug|Any CPU.Build.0 = Debug|Any CPU
		{CBDAABC6-BA8A-4398-BC93-FD6CA35A8F04}.Release|Any CPU.ActiveCfg = Release|Any CPU
		{CBDAABC6-BA8A-4398-BC93-FD6CA35A8F04}.Release|Any CPU.Build.0 = Release|Any CPU
	EndGlobalSection
	GlobalSection(SolutionProperties) = preSolution
		HideSolutionNode = FALSE
	EndGlobalSection
	GlobalSection(ExtensibilityGlobals) = postSolution
		SolutionGuid = {3920FE71-9462-4D73-A8BC-33981AC31EAF}
	EndGlobalSection
EndGlobal
